// !$*UTF8*$!
{
	archiveVersion = 1;
	classes = {
	};
	objectVersion = 50;
	objects = {

/* Begin PBXBuildFile section */
		2201941D9767FC1EB65D0802 /* Pods_kakakak.framework in Frameworks */ = {isa = PBXBuildFile; fileRef = 31166B9B380F3B955A1AACD7 /* Pods_kakakak.framework */; };
		AD0AA03221EA00D000B45EF5 /* GoogleService-Info.plist in Resources */ = {isa = PBXBuildFile; fileRef = AD0AA03121EA00D000B45EF5 /* GoogleService-Info.plist */; };
		AD27D16721F07066009E367A /* UserCollectionCell.swift in Sources */ = {isa = PBXBuildFile; fileRef = AD27D16621F07066009E367A /* UserCollectionCell.swift */; };
		AD27D16921F14B9D009E367A /* icon in Resources */ = {isa = PBXBuildFile; fileRef = AD27D16821F14B9D009E367A /* icon */; };
		AD27D18E21F1D422009E367A /* ChatTableView.swift in Sources */ = {isa = PBXBuildFile; fileRef = AD27D18D21F1D422009E367A /* ChatTableView.swift */; };
		AD27D19021F1E16C009E367A /* KeyBoardView.swift in Sources */ = {isa = PBXBuildFile; fileRef = AD27D18F21F1E16C009E367A /* KeyBoardView.swift */; };
		AD2B39A721FC7F4B00BE6869 /* ChattingCellProtocol.swift in Sources */ = {isa = PBXBuildFile; fileRef = AD2B39A621FC7F4B00BE6869 /* ChattingCellProtocol.swift */; };
		AD50748121F28D9C003B50F5 /* TimeInputView.swift in Sources */ = {isa = PBXBuildFile; fileRef = AD50748021F28D9C003B50F5 /* TimeInputView.swift */; };
		AD50748421F2971D003B50F5 /* MiddleView.swift in Sources */ = {isa = PBXBuildFile; fileRef = AD50748321F2971D003B50F5 /* MiddleView.swift */; };
		AD50748621F29EEA003B50F5 /* EditView.swift in Sources */ = {isa = PBXBuildFile; fileRef = AD50748521F29EEA003B50F5 /* EditView.swift */; };
		AD50748821F30471003B50F5 /* ReplayController.swift in Sources */ = {isa = PBXBuildFile; fileRef = AD50748721F30471003B50F5 /* ReplayController.swift */; };
		AD50748A21F31635003B50F5 /* RealmProvider.swift in Sources */ = {isa = PBXBuildFile; fileRef = AD50748921F31635003B50F5 /* RealmProvider.swift */; };
		AD51D17C21E9996D00DA4B13 /* smileTemp.jpeg in Resources */ = {isa = PBXBuildFile; fileRef = AD51D17B21E9996C00DA4B13 /* smileTemp.jpeg */; };
		AD542CB621EC871A00656196 /* RoomAddVC.swift in Sources */ = {isa = PBXBuildFile; fileRef = AD542CB521EC871A00656196 /* RoomAddVC.swift */; };
		AD542CB821EC8D8A00656196 /* UserCell.swift in Sources */ = {isa = PBXBuildFile; fileRef = AD542CB721EC8D8A00656196 /* UserCell.swift */; };
		AD87909921EA048A0008177D /* ViewController.swift in Sources */ = {isa = PBXBuildFile; fileRef = AD87909821EA048A0008177D /* ViewController.swift */; };
		AD95E6C021F3F9C1000450AB /* VoiceCell.swift in Sources */ = {isa = PBXBuildFile; fileRef = AD95E6BF21F3F9C1000450AB /* VoiceCell.swift */; };
		AD95E6C321F422FD000450AB /* BackgroundSelectController.swift in Sources */ = {isa = PBXBuildFile; fileRef = AD95E6C221F422FD000450AB /* BackgroundSelectController.swift */; };
		AD95E6C521F425B4000450AB /* BackgroundCell.swift in Sources */ = {isa = PBXBuildFile; fileRef = AD95E6C421F425B4000450AB /* BackgroundCell.swift */; };
		AD95E6C721F43393000450AB /* BackgroundCaptureImageCell.swift in Sources */ = {isa = PBXBuildFile; fileRef = AD95E6C621F43393000450AB /* BackgroundCaptureImageCell.swift */; };
		AD95E6C921F43E65000450AB /* UIColor.swift in Sources */ = {isa = PBXBuildFile; fileRef = AD95E6C821F43E65000450AB /* UIColor.swift */; };
		ADA5F29A21EF2F4A002C0F85 /* KeyBoardAreaController.swift in Sources */ = {isa = PBXBuildFile; fileRef = ADA5F29921EF2F4A002C0F85 /* KeyBoardAreaController.swift */; };
		ADA7E00821FECCE900FCF517 /* CustomFocusControl.swift in Sources */ = {isa = PBXBuildFile; fileRef = ADA7E00721FECCE900FCF517 /* CustomFocusControl.swift */; };
		ADA7E00A21FECDBF00FCF517 /* SpecailFeatureButton.swift in Sources */ = {isa = PBXBuildFile; fileRef = ADA7E00921FECDBF00FCF517 /* SpecailFeatureButton.swift */; };
		ADA7E00E21FED65500FCF517 /* SpeacialFeatureInputView.swift in Sources */ = {isa = PBXBuildFile; fileRef = ADA7E00D21FED65500FCF517 /* SpeacialFeatureInputView.swift */; };
		ADA7E01021FED75D00FCF517 /* SpecailFeatureCell.swift in Sources */ = {isa = PBXBuildFile; fileRef = ADA7E00F21FED75D00FCF517 /* SpecailFeatureCell.swift */; };
		ADA7E01221FEF44800FCF517 /* TimeChangeButton.swift in Sources */ = {isa = PBXBuildFile; fileRef = ADA7E01121FEF44800FCF517 /* TimeChangeButton.swift */; };
		ADA7E01421FF596300FCF517 /* MessageEdit.storyboard in Resources */ = {isa = PBXBuildFile; fileRef = ADA7E01321FF596300FCF517 /* MessageEdit.storyboard */; };
		ADA7E01621FF620F00FCF517 /* MessageEditController.swift in Sources */ = {isa = PBXBuildFile; fileRef = ADA7E01521FF620F00FCF517 /* MessageEditController.swift */; };
		ADA7E01A21FF764E00FCF517 /* UserNameEditCell.swift in Sources */ = {isa = PBXBuildFile; fileRef = ADA7E01921FF764E00FCF517 /* UserNameEditCell.swift */; };
		ADA7E01C21FF766900FCF517 /* TimeEditCell.swift in Sources */ = {isa = PBXBuildFile; fileRef = ADA7E01B21FF766900FCF517 /* TimeEditCell.swift */; };
		ADA7E01E21FF767300FCF517 /* DateEditCell.swift in Sources */ = {isa = PBXBuildFile; fileRef = ADA7E01D21FF767300FCF517 /* DateEditCell.swift */; };
		ADA7E02021FF768500FCF517 /* ImageEditCell.swift in Sources */ = {isa = PBXBuildFile; fileRef = ADA7E01F21FF768500FCF517 /* ImageEditCell.swift */; };
		ADA7E02221FF769F00FCF517 /* TextEditcell.swift in Sources */ = {isa = PBXBuildFile; fileRef = ADA7E02121FF769F00FCF517 /* TextEditcell.swift */; };
		ADB8D83821F48D13001D88BD /* SizeCalculator.swift in Sources */ = {isa = PBXBuildFile; fileRef = ADB8D83721F48D13001D88BD /* SizeCalculator.swift */; };
		ADB8D83A21F54886001D88BD /* MessageProcessor.swift in Sources */ = {isa = PBXBuildFile; fileRef = ADB8D83921F54886001D88BD /* MessageProcessor.swift */; };
		ADB8D83F21F88702001D88BD /* UserCollectionView.swift in Sources */ = {isa = PBXBuildFile; fileRef = ADB8D83E21F88702001D88BD /* UserCollectionView.swift */; };
		ADC672A921E2260700D6D3F5 /* AppDelegate.swift in Sources */ = {isa = PBXBuildFile; fileRef = ADC672A821E2260700D6D3F5 /* AppDelegate.swift */; };
		ADC672AE21E2260700D6D3F5 /* Main.storyboard in Resources */ = {isa = PBXBuildFile; fileRef = ADC672AC21E2260700D6D3F5 /* Main.storyboard */; };
		ADC672B021E2260800D6D3F5 /* Assets.xcassets in Resources */ = {isa = PBXBuildFile; fileRef = ADC672AF21E2260800D6D3F5 /* Assets.xcassets */; };
		ADC672B321E2260800D6D3F5 /* LaunchScreen.storyboard in Resources */ = {isa = PBXBuildFile; fileRef = ADC672B121E2260800D6D3F5 /* LaunchScreen.storyboard */; };
		ADC672BC21E22B6F00D6D3F5 /* abcd.jpg in Resources */ = {isa = PBXBuildFile; fileRef = ADC672BB21E22B6F00D6D3F5 /* abcd.jpg */; };
		ADC672BE21E24E2500D6D3F5 /* CharacterListVC.swift in Sources */ = {isa = PBXBuildFile; fileRef = ADC672BD21E24E2500D6D3F5 /* CharacterListVC.swift */; };
		ADC672C221E24F1F00D6D3F5 /* CharacterCell.swift in Sources */ = {isa = PBXBuildFile; fileRef = ADC672C121E24F1F00D6D3F5 /* CharacterCell.swift */; };
		ADC672C521E2517700D6D3F5 /* Preset.swift in Sources */ = {isa = PBXBuildFile; fileRef = ADC672C421E2517700D6D3F5 /* Preset.swift */; };
		ADC672C921E28F6500D6D3F5 /* Path.swift in Sources */ = {isa = PBXBuildFile; fileRef = ADC672C821E28F6500D6D3F5 /* Path.swift */; };
		ADC672CE21E29BC800D6D3F5 /* User.swift in Sources */ = {isa = PBXBuildFile; fileRef = ADC672CD21E29BC800D6D3F5 /* User.swift */; };
		ADC672D021E2A68B00D6D3F5 /* AddUserVC.swift in Sources */ = {isa = PBXBuildFile; fileRef = ADC672CF21E2A68B00D6D3F5 /* AddUserVC.swift */; };
		ADC672D221E2B91300D6D3F5 /* UIImage+Extension.swift in Sources */ = {isa = PBXBuildFile; fileRef = ADC672D121E2B91300D6D3F5 /* UIImage+Extension.swift */; };
		ADC672D421E2C12F00D6D3F5 /* Date.swift in Sources */ = {isa = PBXBuildFile; fileRef = ADC672D321E2C12F00D6D3F5 /* Date.swift */; };
		ADC672D621E2C67F00D6D3F5 /* RoomListVC.swift in Sources */ = {isa = PBXBuildFile; fileRef = ADC672D521E2C67F00D6D3F5 /* RoomListVC.swift */; };
		ADC672D821E2C71B00D6D3F5 /* Room.swift in Sources */ = {isa = PBXBuildFile; fileRef = ADC672D721E2C71B00D6D3F5 /* Room.swift */; };
		ADC672DA21E2C8F800D6D3F5 /* Message.swift in Sources */ = {isa = PBXBuildFile; fileRef = ADC672D921E2C8F800D6D3F5 /* Message.swift */; };
		ADC672DC21E391B500D6D3F5 /* RoomCell.swift in Sources */ = {isa = PBXBuildFile; fileRef = ADC672DB21E391B500D6D3F5 /* RoomCell.swift */; };
		ADC672DE21E39FCB00D6D3F5 /* ChatVC.swift in Sources */ = {isa = PBXBuildFile; fileRef = ADC672DD21E39FCB00D6D3F5 /* ChatVC.swift */; };
		ADC672E121E3A52400D6D3F5 /* TextCell.swift in Sources */ = {isa = PBXBuildFile; fileRef = ADC672E021E3A52400D6D3F5 /* TextCell.swift */; };
		ADC672E321E3A56B00D6D3F5 /* ChattingImageCell.swift in Sources */ = {isa = PBXBuildFile; fileRef = ADC672E221E3A56B00D6D3F5 /* ChattingImageCell.swift */; };
		ADC672E521E3A57900D6D3F5 /* DateCell.swift in Sources */ = {isa = PBXBuildFile; fileRef = ADC672E421E3A57900D6D3F5 /* DateCell.swift */; };
		ADC672E721E3A59000D6D3F5 /* UserEnterCell.swift in Sources */ = {isa = PBXBuildFile; fileRef = ADC672E621E3A59000D6D3F5 /* UserEnterCell.swift */; };
		ADC672E921E3A5A000D6D3F5 /* UserExitCell.swift in Sources */ = {isa = PBXBuildFile; fileRef = ADC672E821E3A5A000D6D3F5 /* UserExitCell.swift */; };
		ADC672ED21E3AE3900D6D3F5 /* BaseChatCell.swift in Sources */ = {isa = PBXBuildFile; fileRef = ADC672EC21E3AE3900D6D3F5 /* BaseChatCell.swift */; };
		ADC672F021E3B0A000D6D3F5 /* Style.swift in Sources */ = {isa = PBXBuildFile; fileRef = ADC672EF21E3B0A000D6D3F5 /* Style.swift */; };
		ADC672F221E3CE6200D6D3F5 /* UserChattingBaseCell.swift in Sources */ = {isa = PBXBuildFile; fileRef = ADC672F121E3CE6200D6D3F5 /* UserChattingBaseCell.swift */; };
		ADCB809F21F8ADAE00BE25D8 /* UserLayout.swift in Sources */ = {isa = PBXBuildFile; fileRef = ADCB809E21F8ADAE00BE25D8 /* UserLayout.swift */; };
		ADCB80A121F9530A00BE25D8 /* UserCollectionLayoutAttributes.swift in Sources */ = {isa = PBXBuildFile; fileRef = ADCB80A021F9530A00BE25D8 /* UserCollectionLayoutAttributes.swift */; };
		ADDDF02B21E53E6E007E3D16 /* ChatVC+extension.swift in Sources */ = {isa = PBXBuildFile; fileRef = ADDDF02A21E53E6E007E3D16 /* ChatVC+extension.swift */; };
		ADDFB86021E7037A003D5DF1 /* ChatVC+Alert.swift in Sources */ = {isa = PBXBuildFile; fileRef = ADDFB85F21E7037A003D5DF1 /* ChatVC+Alert.swift */; };
/* End PBXBuildFile section */

/* Begin PBXFileReference section */
		31166B9B380F3B955A1AACD7 /* Pods_kakakak.framework */ = {isa = PBXFileReference; explicitFileType = wrapper.framework; includeInIndex = 0; path = Pods_kakakak.framework; sourceTree = BUILT_PRODUCTS_DIR; };
		3DCAA90BC1391044DF37135F /* Pods-kakakak.debug.xcconfig */ = {isa = PBXFileReference; includeInIndex = 1; lastKnownFileType = text.xcconfig; name = "Pods-kakakak.debug.xcconfig"; path = "Pods/Target Support Files/Pods-kakakak/Pods-kakakak.debug.xcconfig"; sourceTree = "<group>"; };
		AD0AA03121EA00D000B45EF5 /* GoogleService-Info.plist */ = {isa = PBXFileReference; fileEncoding = 4; lastKnownFileType = text.plist.xml; path = "GoogleService-Info.plist"; sourceTree = "<group>"; };
		AD27D16621F07066009E367A /* UserCollectionCell.swift */ = {isa = PBXFileReference; lastKnownFileType = sourcecode.swift; path = UserCollectionCell.swift; sourceTree = "<group>"; };
		AD27D16821F14B9D009E367A /* icon */ = {isa = PBXFileReference; lastKnownFileType = folder; path = icon; sourceTree = "<group>"; };
		AD27D18D21F1D422009E367A /* ChatTableView.swift */ = {isa = PBXFileReference; lastKnownFileType = sourcecode.swift; path = ChatTableView.swift; sourceTree = "<group>"; };
		AD27D18F21F1E16C009E367A /* KeyBoardView.swift */ = {isa = PBXFileReference; lastKnownFileType = sourcecode.swift; path = KeyBoardView.swift; sourceTree = "<group>"; };
		AD2B39A621FC7F4B00BE6869 /* ChattingCellProtocol.swift */ = {isa = PBXFileReference; lastKnownFileType = sourcecode.swift; path = ChattingCellProtocol.swift; sourceTree = "<group>"; };
		AD50748021F28D9C003B50F5 /* TimeInputView.swift */ = {isa = PBXFileReference; lastKnownFileType = sourcecode.swift; path = TimeInputView.swift; sourceTree = "<group>"; };
		AD50748321F2971D003B50F5 /* MiddleView.swift */ = {isa = PBXFileReference; lastKnownFileType = sourcecode.swift; path = MiddleView.swift; sourceTree = "<group>"; };
		AD50748521F29EEA003B50F5 /* EditView.swift */ = {isa = PBXFileReference; lastKnownFileType = sourcecode.swift; path = EditView.swift; sourceTree = "<group>"; };
		AD50748721F30471003B50F5 /* ReplayController.swift */ = {isa = PBXFileReference; lastKnownFileType = sourcecode.swift; path = ReplayController.swift; sourceTree = "<group>"; };
		AD50748921F31635003B50F5 /* RealmProvider.swift */ = {isa = PBXFileReference; lastKnownFileType = sourcecode.swift; path = RealmProvider.swift; sourceTree = "<group>"; };
		AD51D17B21E9996C00DA4B13 /* smileTemp.jpeg */ = {isa = PBXFileReference; lastKnownFileType = image.jpeg; path = smileTemp.jpeg; sourceTree = "<group>"; };
		AD542CB521EC871A00656196 /* RoomAddVC.swift */ = {isa = PBXFileReference; lastKnownFileType = sourcecode.swift; path = RoomAddVC.swift; sourceTree = "<group>"; };
		AD542CB721EC8D8A00656196 /* UserCell.swift */ = {isa = PBXFileReference; lastKnownFileType = sourcecode.swift; path = UserCell.swift; sourceTree = "<group>"; };
		AD87909821EA048A0008177D /* ViewController.swift */ = {isa = PBXFileReference; lastKnownFileType = sourcecode.swift; path = ViewController.swift; sourceTree = "<group>"; };
		AD95E6BF21F3F9C1000450AB /* VoiceCell.swift */ = {isa = PBXFileReference; lastKnownFileType = sourcecode.swift; path = VoiceCell.swift; sourceTree = "<group>"; };
		AD95E6C221F422FD000450AB /* BackgroundSelectController.swift */ = {isa = PBXFileReference; lastKnownFileType = sourcecode.swift; path = BackgroundSelectController.swift; sourceTree = "<group>"; };
		AD95E6C421F425B4000450AB /* BackgroundCell.swift */ = {isa = PBXFileReference; lastKnownFileType = sourcecode.swift; path = BackgroundCell.swift; sourceTree = "<group>"; };
		AD95E6C621F43393000450AB /* BackgroundCaptureImageCell.swift */ = {isa = PBXFileReference; lastKnownFileType = sourcecode.swift; path = BackgroundCaptureImageCell.swift; sourceTree = "<group>"; };
		AD95E6C821F43E65000450AB /* UIColor.swift */ = {isa = PBXFileReference; lastKnownFileType = sourcecode.swift; path = UIColor.swift; sourceTree = "<group>"; };
		ADA5F29921EF2F4A002C0F85 /* KeyBoardAreaController.swift */ = {isa = PBXFileReference; lastKnownFileType = sourcecode.swift; path = KeyBoardAreaController.swift; sourceTree = "<group>"; };
		ADA7E00721FECCE900FCF517 /* CustomFocusControl.swift */ = {isa = PBXFileReference; lastKnownFileType = sourcecode.swift; path = CustomFocusControl.swift; sourceTree = "<group>"; };
		ADA7E00921FECDBF00FCF517 /* SpecailFeatureButton.swift */ = {isa = PBXFileReference; lastKnownFileType = sourcecode.swift; path = SpecailFeatureButton.swift; sourceTree = "<group>"; };
		ADA7E00D21FED65500FCF517 /* SpeacialFeatureInputView.swift */ = {isa = PBXFileReference; lastKnownFileType = sourcecode.swift; path = SpeacialFeatureInputView.swift; sourceTree = "<group>"; };
		ADA7E00F21FED75D00FCF517 /* SpecailFeatureCell.swift */ = {isa = PBXFileReference; lastKnownFileType = sourcecode.swift; path = SpecailFeatureCell.swift; sourceTree = "<group>"; };
		ADA7E01121FEF44800FCF517 /* TimeChangeButton.swift */ = {isa = PBXFileReference; lastKnownFileType = sourcecode.swift; path = TimeChangeButton.swift; sourceTree = "<group>"; };
		ADA7E01321FF596300FCF517 /* MessageEdit.storyboard */ = {isa = PBXFileReference; lastKnownFileType = file.storyboard; path = MessageEdit.storyboard; sourceTree = "<group>"; };
		ADA7E01521FF620F00FCF517 /* MessageEditController.swift */ = {isa = PBXFileReference; lastKnownFileType = sourcecode.swift; path = MessageEditController.swift; sourceTree = "<group>"; };
		ADA7E01921FF764E00FCF517 /* UserNameEditCell.swift */ = {isa = PBXFileReference; lastKnownFileType = sourcecode.swift; path = UserNameEditCell.swift; sourceTree = "<group>"; };
		ADA7E01B21FF766900FCF517 /* TimeEditCell.swift */ = {isa = PBXFileReference; lastKnownFileType = sourcecode.swift; path = TimeEditCell.swift; sourceTree = "<group>"; };
		ADA7E01D21FF767300FCF517 /* DateEditCell.swift */ = {isa = PBXFileReference; lastKnownFileType = sourcecode.swift; path = DateEditCell.swift; sourceTree = "<group>"; };
		ADA7E01F21FF768500FCF517 /* ImageEditCell.swift */ = {isa = PBXFileReference; lastKnownFileType = sourcecode.swift; path = ImageEditCell.swift; sourceTree = "<group>"; };
		ADA7E02121FF769F00FCF517 /* TextEditcell.swift */ = {isa = PBXFileReference; lastKnownFileType = sourcecode.swift; path = TextEditcell.swift; sourceTree = "<group>"; };
		ADB8D83721F48D13001D88BD /* SizeCalculator.swift */ = {isa = PBXFileReference; lastKnownFileType = sourcecode.swift; path = SizeCalculator.swift; sourceTree = "<group>"; };
		ADB8D83921F54886001D88BD /* MessageProcessor.swift */ = {isa = PBXFileReference; lastKnownFileType = sourcecode.swift; path = MessageProcessor.swift; sourceTree = "<group>"; };
		ADB8D83E21F88702001D88BD /* UserCollectionView.swift */ = {isa = PBXFileReference; lastKnownFileType = sourcecode.swift; path = UserCollectionView.swift; sourceTree = "<group>"; };
		ADC672A521E2260700D6D3F5 /* kakakak.app */ = {isa = PBXFileReference; explicitFileType = wrapper.application; includeInIndex = 0; path = kakakak.app; sourceTree = BUILT_PRODUCTS_DIR; };
		ADC672A821E2260700D6D3F5 /* AppDelegate.swift */ = {isa = PBXFileReference; lastKnownFileType = sourcecode.swift; path = AppDelegate.swift; sourceTree = "<group>"; };
		ADC672AD21E2260700D6D3F5 /* Base */ = {isa = PBXFileReference; lastKnownFileType = file.storyboard; name = Base; path = Base.lproj/Main.storyboard; sourceTree = "<group>"; };
		ADC672AF21E2260800D6D3F5 /* Assets.xcassets */ = {isa = PBXFileReference; lastKnownFileType = folder.assetcatalog; path = Assets.xcassets; sourceTree = "<group>"; };
		ADC672B221E2260800D6D3F5 /* Base */ = {isa = PBXFileReference; lastKnownFileType = file.storyboard; name = Base; path = Base.lproj/LaunchScreen.storyboard; sourceTree = "<group>"; };
		ADC672B421E2260800D6D3F5 /* Info.plist */ = {isa = PBXFileReference; lastKnownFileType = text.plist.xml; path = Info.plist; sourceTree = "<group>"; };
		ADC672BB21E22B6F00D6D3F5 /* abcd.jpg */ = {isa = PBXFileReference; lastKnownFileType = image.jpeg; path = abcd.jpg; sourceTree = "<group>"; };
		ADC672BD21E24E2500D6D3F5 /* CharacterListVC.swift */ = {isa = PBXFileReference; lastKnownFileType = sourcecode.swift; path = CharacterListVC.swift; sourceTree = "<group>"; };
		ADC672C121E24F1F00D6D3F5 /* CharacterCell.swift */ = {isa = PBXFileReference; lastKnownFileType = sourcecode.swift; path = CharacterCell.swift; sourceTree = "<group>"; };
		ADC672C421E2517700D6D3F5 /* Preset.swift */ = {isa = PBXFileReference; lastKnownFileType = sourcecode.swift; path = Preset.swift; sourceTree = "<group>"; };
		ADC672C821E28F6500D6D3F5 /* Path.swift */ = {isa = PBXFileReference; lastKnownFileType = sourcecode.swift; path = Path.swift; sourceTree = "<group>"; };
		ADC672CD21E29BC800D6D3F5 /* User.swift */ = {isa = PBXFileReference; lastKnownFileType = sourcecode.swift; path = User.swift; sourceTree = "<group>"; };
		ADC672CF21E2A68B00D6D3F5 /* AddUserVC.swift */ = {isa = PBXFileReference; lastKnownFileType = sourcecode.swift; path = AddUserVC.swift; sourceTree = "<group>"; };
		ADC672D121E2B91300D6D3F5 /* UIImage+Extension.swift */ = {isa = PBXFileReference; lastKnownFileType = sourcecode.swift; path = "UIImage+Extension.swift"; sourceTree = "<group>"; };
		ADC672D321E2C12F00D6D3F5 /* Date.swift */ = {isa = PBXFileReference; lastKnownFileType = sourcecode.swift; path = Date.swift; sourceTree = "<group>"; };
		ADC672D521E2C67F00D6D3F5 /* RoomListVC.swift */ = {isa = PBXFileReference; lastKnownFileType = sourcecode.swift; path = RoomListVC.swift; sourceTree = "<group>"; };
		ADC672D721E2C71B00D6D3F5 /* Room.swift */ = {isa = PBXFileReference; lastKnownFileType = sourcecode.swift; path = Room.swift; sourceTree = "<group>"; };
		ADC672D921E2C8F800D6D3F5 /* Message.swift */ = {isa = PBXFileReference; lastKnownFileType = sourcecode.swift; path = Message.swift; sourceTree = "<group>"; };
		ADC672DB21E391B500D6D3F5 /* RoomCell.swift */ = {isa = PBXFileReference; lastKnownFileType = sourcecode.swift; path = RoomCell.swift; sourceTree = "<group>"; };
		ADC672DD21E39FCB00D6D3F5 /* ChatVC.swift */ = {isa = PBXFileReference; lastKnownFileType = sourcecode.swift; path = ChatVC.swift; sourceTree = "<group>"; };
		ADC672E021E3A52400D6D3F5 /* TextCell.swift */ = {isa = PBXFileReference; lastKnownFileType = sourcecode.swift; path = TextCell.swift; sourceTree = "<group>"; };
		ADC672E221E3A56B00D6D3F5 /* ChattingImageCell.swift */ = {isa = PBXFileReference; lastKnownFileType = sourcecode.swift; path = ChattingImageCell.swift; sourceTree = "<group>"; };
		ADC672E421E3A57900D6D3F5 /* DateCell.swift */ = {isa = PBXFileReference; lastKnownFileType = sourcecode.swift; path = DateCell.swift; sourceTree = "<group>"; };
		ADC672E621E3A59000D6D3F5 /* UserEnterCell.swift */ = {isa = PBXFileReference; lastKnownFileType = sourcecode.swift; path = UserEnterCell.swift; sourceTree = "<group>"; };
		ADC672E821E3A5A000D6D3F5 /* UserExitCell.swift */ = {isa = PBXFileReference; lastKnownFileType = sourcecode.swift; path = UserExitCell.swift; sourceTree = "<group>"; };
		ADC672EC21E3AE3900D6D3F5 /* BaseChatCell.swift */ = {isa = PBXFileReference; lastKnownFileType = sourcecode.swift; path = BaseChatCell.swift; sourceTree = "<group>"; };
		ADC672EF21E3B0A000D6D3F5 /* Style.swift */ = {isa = PBXFileReference; lastKnownFileType = sourcecode.swift; path = Style.swift; sourceTree = "<group>"; };
		ADC672F121E3CE6200D6D3F5 /* UserChattingBaseCell.swift */ = {isa = PBXFileReference; lastKnownFileType = sourcecode.swift; path = UserChattingBaseCell.swift; sourceTree = "<group>"; };
		ADCB809E21F8ADAE00BE25D8 /* UserLayout.swift */ = {isa = PBXFileReference; lastKnownFileType = sourcecode.swift; path = UserLayout.swift; sourceTree = "<group>"; };
		ADCB80A021F9530A00BE25D8 /* UserCollectionLayoutAttributes.swift */ = {isa = PBXFileReference; lastKnownFileType = sourcecode.swift; path = UserCollectionLayoutAttributes.swift; sourceTree = "<group>"; };
		ADDDF02A21E53E6E007E3D16 /* ChatVC+extension.swift */ = {isa = PBXFileReference; lastKnownFileType = sourcecode.swift; path = "ChatVC+extension.swift"; sourceTree = "<group>"; };
		ADDFB85F21E7037A003D5DF1 /* ChatVC+Alert.swift */ = {isa = PBXFileReference; lastKnownFileType = sourcecode.swift; path = "ChatVC+Alert.swift"; sourceTree = "<group>"; };
		DD4718A9C835A6A90A2808AA /* Pods-kakakak.release.xcconfig */ = {isa = PBXFileReference; includeInIndex = 1; lastKnownFileType = text.xcconfig; name = "Pods-kakakak.release.xcconfig"; path = "Pods/Target Support Files/Pods-kakakak/Pods-kakakak.release.xcconfig"; sourceTree = "<group>"; };
/* End PBXFileReference section */

/* Begin PBXFrameworksBuildPhase section */
		ADC672A221E2260700D6D3F5 /* Frameworks */ = {
			isa = PBXFrameworksBuildPhase;
			buildActionMask = 2147483647;
			files = (
				2201941D9767FC1EB65D0802 /* Pods_kakakak.framework in Frameworks */,
			);
			runOnlyForDeploymentPostprocessing = 0;
		};
/* End PBXFrameworksBuildPhase section */

/* Begin PBXGroup section */
		5D3D1859C17D2D711D00B788 /* Pods */ = {
			isa = PBXGroup;
			children = (
				3DCAA90BC1391044DF37135F /* Pods-kakakak.debug.xcconfig */,
				DD4718A9C835A6A90A2808AA /* Pods-kakakak.release.xcconfig */,
			);
			name = Pods;
			sourceTree = "<group>";
		};
		AD27D16A21F1855A009E367A /* KeyBoard */ = {
			isa = PBXGroup;
			children = (
				AD50748221F296BD003B50F5 /* View */,
				AD27D16621F07066009E367A /* UserCollectionCell.swift */,
				ADA5F29921EF2F4A002C0F85 /* KeyBoardAreaController.swift */,
				AD27D18F21F1E16C009E367A /* KeyBoardView.swift */,
				AD50748021F28D9C003B50F5 /* TimeInputView.swift */,
				ADB8D83E21F88702001D88BD /* UserCollectionView.swift */,
				ADCB809E21F8ADAE00BE25D8 /* UserLayout.swift */,
				ADCB80A021F9530A00BE25D8 /* UserCollectionLayoutAttributes.swift */,
				ADA7E00721FECCE900FCF517 /* CustomFocusControl.swift */,
			);
			path = KeyBoard;
			sourceTree = "<group>";
		};
		AD27D16B21F18581009E367A /* RoomList */ = {
			isa = PBXGroup;
			children = (
				AD542CB521EC871A00656196 /* RoomAddVC.swift */,
				ADC672D521E2C67F00D6D3F5 /* RoomListVC.swift */,
			);
			path = RoomList;
			sourceTree = "<group>";
		};
		AD27D16C21F185A4009E367A /* UserList */ = {
			isa = PBXGroup;
			children = (
				ADC672CF21E2A68B00D6D3F5 /* AddUserVC.swift */,
				ADC672BD21E24E2500D6D3F5 /* CharacterListVC.swift */,
			);
			path = UserList;
			sourceTree = "<group>";
		};
		AD2B397821FB5C2800BE6869 /* View */ = {
			isa = PBXGroup;
			children = (
				AD95E6C621F43393000450AB /* BackgroundCaptureImageCell.swift */,
				AD27D18D21F1D422009E367A /* ChatTableView.swift */,
				AD50748521F29EEA003B50F5 /* EditView.swift */,
				AD95E6C421F425B4000450AB /* BackgroundCell.swift */,
			);
			path = View;
			sourceTree = "<group>";
		};
		AD2B397921FB5C6A00BE6869 /* DataManager */ = {
			isa = PBXGroup;
			children = (
				ADB8D83921F54886001D88BD /* MessageProcessor.swift */,
			);
			path = DataManager;
			sourceTree = "<group>";
		};
		AD50748221F296BD003B50F5 /* View */ = {
			isa = PBXGroup;
			children = (
				AD50748321F2971D003B50F5 /* MiddleView.swift */,
				ADA7E00921FECDBF00FCF517 /* SpecailFeatureButton.swift */,
				ADA7E00D21FED65500FCF517 /* SpeacialFeatureInputView.swift */,
				ADA7E00F21FED75D00FCF517 /* SpecailFeatureCell.swift */,
				ADA7E01121FEF44800FCF517 /* TimeChangeButton.swift */,
			);
			path = View;
			sourceTree = "<group>";
		};
		AD95E6C121F422E3000450AB /* Controller */ = {
			isa = PBXGroup;
			children = (
				ADC672DD21E39FCB00D6D3F5 /* ChatVC.swift */,
				AD50748721F30471003B50F5 /* ReplayController.swift */,
				AD95E6C221F422FD000450AB /* BackgroundSelectController.swift */,
				ADA7E01521FF620F00FCF517 /* MessageEditController.swift */,
			);
			path = Controller;
			sourceTree = "<group>";
		};
		ADA7E01721FF757200FCF517 /* Cell */ = {
			isa = PBXGroup;
			children = (
				ADA7E01821FF758B00FCF517 /* EditCell */,
				ADC672DF21E3A51700D6D3F5 /* ChattingCell */,
			);
			path = Cell;
			sourceTree = "<group>";
		};
		ADA7E01821FF758B00FCF517 /* EditCell */ = {
			isa = PBXGroup;
			children = (
				ADA7E01921FF764E00FCF517 /* UserNameEditCell.swift */,
				ADA7E01B21FF766900FCF517 /* TimeEditCell.swift */,
				ADA7E01D21FF767300FCF517 /* DateEditCell.swift */,
				ADA7E01F21FF768500FCF517 /* ImageEditCell.swift */,
				ADA7E02121FF769F00FCF517 /* TextEditcell.swift */,
			);
			path = EditCell;
			sourceTree = "<group>";
		};
		ADC6729C21E2260700D6D3F5 = {
			isa = PBXGroup;
			children = (
				AD27D16821F14B9D009E367A /* icon */,
				AD0AA03121EA00D000B45EF5 /* GoogleService-Info.plist */,
				ADC672CA21E28FCD00D6D3F5 /* Helper */,
				ADC672C721E28F5C00D6D3F5 /* Extension */,
				ADC672BA21E22B6700D6D3F5 /* Resources */,
				ADC672A721E2260700D6D3F5 /* kakakak */,
				ADC672A621E2260700D6D3F5 /* Products */,
				5D3D1859C17D2D711D00B788 /* Pods */,
				BDF41DCEDCC41CE23ED099A0 /* Frameworks */,
			);
			sourceTree = "<group>";
		};
		ADC672A621E2260700D6D3F5 /* Products */ = {
			isa = PBXGroup;
			children = (
				ADC672A521E2260700D6D3F5 /* kakakak.app */,
			);
			name = Products;
			sourceTree = "<group>";
		};
		ADC672A721E2260700D6D3F5 /* kakakak */ = {
			isa = PBXGroup;
			children = (
				AD27D16C21F185A4009E367A /* UserList */,
				AD27D16B21F18581009E367A /* RoomList */,
				AD27D16A21F1855A009E367A /* KeyBoard */,
				ADC672EE21E3B09500D6D3F5 /* StyleGuide */,
				ADC672C321E2516C00D6D3F5 /* Entity */,
				ADC672C021E24F1300D6D3F5 /* View */,
				ADC672BF21E24E2A00D6D3F5 /* Chatting */,
				ADC672A821E2260700D6D3F5 /* AppDelegate.swift */,
				ADC672AC21E2260700D6D3F5 /* Main.storyboard */,
				AD87909821EA048A0008177D /* ViewController.swift */,
				ADC672AF21E2260800D6D3F5 /* Assets.xcassets */,
				ADC672B121E2260800D6D3F5 /* LaunchScreen.storyboard */,
				ADC672B421E2260800D6D3F5 /* Info.plist */,
				ADA7E01321FF596300FCF517 /* MessageEdit.storyboard */,
			);
			path = kakakak;
			sourceTree = "<group>";
		};
		ADC672BA21E22B6700D6D3F5 /* Resources */ = {
			isa = PBXGroup;
			children = (
				AD51D17B21E9996C00DA4B13 /* smileTemp.jpeg */,
				ADC672BB21E22B6F00D6D3F5 /* abcd.jpg */,
			);
			path = Resources;
			sourceTree = "<group>";
		};
		ADC672BF21E24E2A00D6D3F5 /* Chatting */ = {
			isa = PBXGroup;
			children = (
				ADA7E01721FF757200FCF517 /* Cell */,
				AD2B397921FB5C6A00BE6869 /* DataManager */,
				AD2B397821FB5C2800BE6869 /* View */,
				AD95E6C121F422E3000450AB /* Controller */,
			);
			path = Chatting;
			sourceTree = "<group>";
		};
		ADC672C021E24F1300D6D3F5 /* View */ = {
			isa = PBXGroup;
			children = (
				ADDDF02721E4E6C5007E3D16 /* Cell */,
				ADC672C121E24F1F00D6D3F5 /* CharacterCell.swift */,
				ADC672DB21E391B500D6D3F5 /* RoomCell.swift */,
			);
			path = View;
			sourceTree = "<group>";
		};
		ADC672C321E2516C00D6D3F5 /* Entity */ = {
			isa = PBXGroup;
			children = (
				ADC672C421E2517700D6D3F5 /* Preset.swift */,
				ADC672CD21E29BC800D6D3F5 /* User.swift */,
				ADC672D721E2C71B00D6D3F5 /* Room.swift */,
				ADC672D921E2C8F800D6D3F5 /* Message.swift */,
			);
			path = Entity;
			sourceTree = "<group>";
		};
		ADC672C721E28F5C00D6D3F5 /* Extension */ = {
			isa = PBXGroup;
			children = (
				ADC672C821E28F6500D6D3F5 /* Path.swift */,
				ADC672D121E2B91300D6D3F5 /* UIImage+Extension.swift */,
				ADC672D321E2C12F00D6D3F5 /* Date.swift */,
				ADDDF02A21E53E6E007E3D16 /* ChatVC+extension.swift */,
				ADDFB85F21E7037A003D5DF1 /* ChatVC+Alert.swift */,
				AD95E6C821F43E65000450AB /* UIColor.swift */,
			);
			path = Extension;
			sourceTree = "<group>";
		};
		ADC672CA21E28FCD00D6D3F5 /* Helper */ = {
			isa = PBXGroup;
			children = (
				AD50748921F31635003B50F5 /* RealmProvider.swift */,
				ADB8D83721F48D13001D88BD /* SizeCalculator.swift */,
			);
			path = Helper;
			sourceTree = "<group>";
		};
		ADC672DF21E3A51700D6D3F5 /* ChattingCell */ = {
			isa = PBXGroup;
			children = (
				ADC672E021E3A52400D6D3F5 /* TextCell.swift */,
				ADC672E221E3A56B00D6D3F5 /* ChattingImageCell.swift */,
				ADC672E421E3A57900D6D3F5 /* DateCell.swift */,
				ADC672E621E3A59000D6D3F5 /* UserEnterCell.swift */,
				ADC672E821E3A5A000D6D3F5 /* UserExitCell.swift */,
				ADC672EC21E3AE3900D6D3F5 /* BaseChatCell.swift */,
				ADC672F121E3CE6200D6D3F5 /* UserChattingBaseCell.swift */,
				AD95E6BF21F3F9C1000450AB /* VoiceCell.swift */,
				AD2B39A621FC7F4B00BE6869 /* ChattingCellProtocol.swift */,
			);
			path = ChattingCell;
			sourceTree = "<group>";
		};
		ADC672EE21E3B09500D6D3F5 /* StyleGuide */ = {
			isa = PBXGroup;
			children = (
				ADC672EF21E3B0A000D6D3F5 /* Style.swift */,
			);
			path = StyleGuide;
			sourceTree = "<group>";
		};
		ADDDF02721E4E6C5007E3D16 /* Cell */ = {
			isa = PBXGroup;
			children = (
				AD542CB721EC8D8A00656196 /* UserCell.swift */,
			);
			path = Cell;
			sourceTree = "<group>";
		};
		BDF41DCEDCC41CE23ED099A0 /* Frameworks */ = {
			isa = PBXGroup;
			children = (
				31166B9B380F3B955A1AACD7 /* Pods_kakakak.framework */,
			);
			name = Frameworks;
			sourceTree = "<group>";
		};
/* End PBXGroup section */

/* Begin PBXNativeTarget section */
		ADC672A421E2260700D6D3F5 /* kakakak */ = {
			isa = PBXNativeTarget;
			buildConfigurationList = ADC672B721E2260800D6D3F5 /* Build configuration list for PBXNativeTarget "kakakak" */;
			buildPhases = (
				B636AA34A5E218981AD1A88D /* [CP] Check Pods Manifest.lock */,
				ADC672A121E2260700D6D3F5 /* Sources */,
				ADC672A221E2260700D6D3F5 /* Frameworks */,
				ADC672A321E2260700D6D3F5 /* Resources */,
				BA57182E36E1954D05419608 /* [CP] Embed Pods Frameworks */,
			);
			buildRules = (
			);
			dependencies = (
			);
			name = kakakak;
			productName = kakakak;
			productReference = ADC672A521E2260700D6D3F5 /* kakakak.app */;
			productType = "com.apple.product-type.application";
		};
/* End PBXNativeTarget section */

/* Begin PBXProject section */
		ADC6729D21E2260700D6D3F5 /* Project object */ = {
			isa = PBXProject;
			attributes = {
				LastSwiftUpdateCheck = 1010;
				LastUpgradeCheck = 1010;
				ORGANIZATIONNAME = "성용강";
				TargetAttributes = {
					ADC672A421E2260700D6D3F5 = {
						CreatedOnToolsVersion = 10.1;
					};
				};
			};
			buildConfigurationList = ADC672A021E2260700D6D3F5 /* Build configuration list for PBXProject "kakakak" */;
			compatibilityVersion = "Xcode 9.3";
			developmentRegion = en;
			hasScannedForEncodings = 0;
			knownRegions = (
				en,
				Base,
			);
			mainGroup = ADC6729C21E2260700D6D3F5;
			productRefGroup = ADC672A621E2260700D6D3F5 /* Products */;
			projectDirPath = "";
			projectRoot = "";
			targets = (
				ADC672A421E2260700D6D3F5 /* kakakak */,
			);
		};
/* End PBXProject section */

/* Begin PBXResourcesBuildPhase section */
		ADC672A321E2260700D6D3F5 /* Resources */ = {
			isa = PBXResourcesBuildPhase;
			buildActionMask = 2147483647;
			files = (
				ADA7E01421FF596300FCF517 /* MessageEdit.storyboard in Resources */,
				ADC672B321E2260800D6D3F5 /* LaunchScreen.storyboard in Resources */,
				ADC672B021E2260800D6D3F5 /* Assets.xcassets in Resources */,
				AD27D16921F14B9D009E367A /* icon in Resources */,
				ADC672AE21E2260700D6D3F5 /* Main.storyboard in Resources */,
				ADC672BC21E22B6F00D6D3F5 /* abcd.jpg in Resources */,
				AD51D17C21E9996D00DA4B13 /* smileTemp.jpeg in Resources */,
				AD0AA03221EA00D000B45EF5 /* GoogleService-Info.plist in Resources */,
			);
			runOnlyForDeploymentPostprocessing = 0;
		};
/* End PBXResourcesBuildPhase section */

/* Begin PBXShellScriptBuildPhase section */
		B636AA34A5E218981AD1A88D /* [CP] Check Pods Manifest.lock */ = {
			isa = PBXShellScriptBuildPhase;
			buildActionMask = 2147483647;
			files = (
			);
			inputPaths = (
				"${PODS_PODFILE_DIR_PATH}/Podfile.lock",
				"${PODS_ROOT}/Manifest.lock",
			);
			name = "[CP] Check Pods Manifest.lock";
			outputPaths = (
				"$(DERIVED_FILE_DIR)/Pods-kakakak-checkManifestLockResult.txt",
			);
			runOnlyForDeploymentPostprocessing = 0;
			shellPath = /bin/sh;
			shellScript = "diff \"${PODS_PODFILE_DIR_PATH}/Podfile.lock\" \"${PODS_ROOT}/Manifest.lock\" > /dev/null\nif [ $? != 0 ] ; then\n    # print error to STDERR\n    echo \"error: The sandbox is not in sync with the Podfile.lock. Run 'pod install' or update your CocoaPods installation.\" >&2\n    exit 1\nfi\n# This output is used by Xcode 'outputs' to avoid re-running this script phase.\necho \"SUCCESS\" > \"${SCRIPT_OUTPUT_FILE_0}\"\n";
			showEnvVarsInLog = 0;
		};
		BA57182E36E1954D05419608 /* [CP] Embed Pods Frameworks */ = {
			isa = PBXShellScriptBuildPhase;
			buildActionMask = 2147483647;
			files = (
			);
			inputPaths = (
				"${SRCROOT}/Pods/Target Support Files/Pods-kakakak/Pods-kakakak-frameworks.sh",
				"${BUILT_PRODUCTS_DIR}/CBFlashyTabBarController/CBFlashyTabBarController.framework",
				"${BUILT_PRODUCTS_DIR}/GoogleUtilities/GoogleUtilities.framework",
				"${BUILT_PRODUCTS_DIR}/InputBarAccessoryView/InputBarAccessoryView.framework",
				"${BUILT_PRODUCTS_DIR}/Realm/Realm.framework",
				"${BUILT_PRODUCTS_DIR}/RealmSwift/RealmSwift.framework",
				"${BUILT_PRODUCTS_DIR}/SnapKit/SnapKit.framework",
				"${BUILT_PRODUCTS_DIR}/nanopb/nanopb.framework",
			);
			name = "[CP] Embed Pods Frameworks";
			outputPaths = (
				"${TARGET_BUILD_DIR}/${FRAMEWORKS_FOLDER_PATH}/CBFlashyTabBarController.framework",
				"${TARGET_BUILD_DIR}/${FRAMEWORKS_FOLDER_PATH}/GoogleUtilities.framework",
				"${TARGET_BUILD_DIR}/${FRAMEWORKS_FOLDER_PATH}/InputBarAccessoryView.framework",
				"${TARGET_BUILD_DIR}/${FRAMEWORKS_FOLDER_PATH}/Realm.framework",
				"${TARGET_BUILD_DIR}/${FRAMEWORKS_FOLDER_PATH}/RealmSwift.framework",
				"${TARGET_BUILD_DIR}/${FRAMEWORKS_FOLDER_PATH}/SnapKit.framework",
				"${TARGET_BUILD_DIR}/${FRAMEWORKS_FOLDER_PATH}/nanopb.framework",
			);
			runOnlyForDeploymentPostprocessing = 0;
			shellPath = /bin/sh;
			shellScript = "\"${SRCROOT}/Pods/Target Support Files/Pods-kakakak/Pods-kakakak-frameworks.sh\"\n";
			showEnvVarsInLog = 0;
		};
/* End PBXShellScriptBuildPhase section */

/* Begin PBXSourcesBuildPhase section */
		ADC672A121E2260700D6D3F5 /* Sources */ = {
			isa = PBXSourcesBuildPhase;
			buildActionMask = 2147483647;
			files = (
				ADC672C221E24F1F00D6D3F5 /* CharacterCell.swift in Sources */,
				ADC672DC21E391B500D6D3F5 /* RoomCell.swift in Sources */,
				ADDDF02B21E53E6E007E3D16 /* ChatVC+extension.swift in Sources */,
				AD95E6C921F43E65000450AB /* UIColor.swift in Sources */,
				ADB8D83A21F54886001D88BD /* MessageProcessor.swift in Sources */,
				ADC672D221E2B91300D6D3F5 /* UIImage+Extension.swift in Sources */,
				AD50748A21F31635003B50F5 /* RealmProvider.swift in Sources */,
				AD95E6C021F3F9C1000450AB /* VoiceCell.swift in Sources */,
				ADC672BE21E24E2500D6D3F5 /* CharacterListVC.swift in Sources */,
				ADC672D621E2C67F00D6D3F5 /* RoomListVC.swift in Sources */,
				ADCB80A121F9530A00BE25D8 /* UserCollectionLayoutAttributes.swift in Sources */,
				ADDFB86021E7037A003D5DF1 /* ChatVC+Alert.swift in Sources */,
				ADC672CE21E29BC800D6D3F5 /* User.swift in Sources */,
				ADA5F29A21EF2F4A002C0F85 /* KeyBoardAreaController.swift in Sources */,
				AD542CB621EC871A00656196 /* RoomAddVC.swift in Sources */,
				AD87909921EA048A0008177D /* ViewController.swift in Sources */,
				ADA7E02221FF769F00FCF517 /* TextEditcell.swift in Sources */,
				ADA7E01021FED75D00FCF517 /* SpecailFeatureCell.swift in Sources */,
				ADA7E02021FF768500FCF517 /* ImageEditCell.swift in Sources */,
				ADA7E01A21FF764E00FCF517 /* UserNameEditCell.swift in Sources */,
				AD27D16721F07066009E367A /* UserCollectionCell.swift in Sources */,
				ADC672C521E2517700D6D3F5 /* Preset.swift in Sources */,
				ADC672E521E3A57900D6D3F5 /* DateCell.swift in Sources */,
				ADC672C921E28F6500D6D3F5 /* Path.swift in Sources */,
				AD95E6C321F422FD000450AB /* BackgroundSelectController.swift in Sources */,
				ADC672DE21E39FCB00D6D3F5 /* ChatVC.swift in Sources */,
				ADC672D021E2A68B00D6D3F5 /* AddUserVC.swift in Sources */,
				ADA7E01E21FF767300FCF517 /* DateEditCell.swift in Sources */,
				ADC672E121E3A52400D6D3F5 /* TextCell.swift in Sources */,
				ADCB809F21F8ADAE00BE25D8 /* UserLayout.swift in Sources */,
				ADC672D421E2C12F00D6D3F5 /* Date.swift in Sources */,
				AD95E6C721F43393000450AB /* BackgroundCaptureImageCell.swift in Sources */,
				ADC672DA21E2C8F800D6D3F5 /* Message.swift in Sources */,
				AD50748821F30471003B50F5 /* ReplayController.swift in Sources */,
				ADA7E01221FEF44800FCF517 /* TimeChangeButton.swift in Sources */,
				AD542CB821EC8D8A00656196 /* UserCell.swift in Sources */,
				AD95E6C521F425B4000450AB /* BackgroundCell.swift in Sources */,
				ADA7E00821FECCE900FCF517 /* CustomFocusControl.swift in Sources */,
				ADB8D83F21F88702001D88BD /* UserCollectionView.swift in Sources */,
				ADC672ED21E3AE3900D6D3F5 /* BaseChatCell.swift in Sources */,
				AD50748121F28D9C003B50F5 /* TimeInputView.swift in Sources */,
				AD50748621F29EEA003B50F5 /* EditView.swift in Sources */,
				ADC672E321E3A56B00D6D3F5 /* ChattingImageCell.swift in Sources */,
				ADA7E01621FF620F00FCF517 /* MessageEditController.swift in Sources */,
				ADB8D83821F48D13001D88BD /* SizeCalculator.swift in Sources */,
				AD27D19021F1E16C009E367A /* KeyBoardView.swift in Sources */,
				ADC672E721E3A59000D6D3F5 /* UserEnterCell.swift in Sources */,
				ADA7E01C21FF766900FCF517 /* TimeEditCell.swift in Sources */,
				ADC672A921E2260700D6D3F5 /* AppDelegate.swift in Sources */,
				AD50748421F2971D003B50F5 /* MiddleView.swift in Sources */,
				ADA7E00E21FED65500FCF517 /* SpeacialFeatureInputView.swift in Sources */,
				ADC672E921E3A5A000D6D3F5 /* UserExitCell.swift in Sources */,
				ADA7E00A21FECDBF00FCF517 /* SpecailFeatureButton.swift in Sources */,
				ADC672D821E2C71B00D6D3F5 /* Room.swift in Sources */,
				ADC672F221E3CE6200D6D3F5 /* UserChattingBaseCell.swift in Sources */,
				AD2B39A721FC7F4B00BE6869 /* ChattingCellProtocol.swift in Sources */,
				AD27D18E21F1D422009E367A /* ChatTableView.swift in Sources */,
				ADC672F021E3B0A000D6D3F5 /* Style.swift in Sources */,
			);
			runOnlyForDeploymentPostprocessing = 0;
		};
/* End PBXSourcesBuildPhase section */

/* Begin PBXVariantGroup section */
		ADC672AC21E2260700D6D3F5 /* Main.storyboard */ = {
			isa = PBXVariantGroup;
			children = (
				ADC672AD21E2260700D6D3F5 /* Base */,
			);
			name = Main.storyboard;
			sourceTree = "<group>";
		};
		ADC672B121E2260800D6D3F5 /* LaunchScreen.storyboard */ = {
			isa = PBXVariantGroup;
			children = (
				ADC672B221E2260800D6D3F5 /* Base */,
			);
			name = LaunchScreen.storyboard;
			sourceTree = "<group>";
		};
/* End PBXVariantGroup section */

/* Begin XCBuildConfiguration section */
		ADC672B521E2260800D6D3F5 /* Debug */ = {
			isa = XCBuildConfiguration;
			buildSettings = {
				ALWAYS_SEARCH_USER_PATHS = NO;
				CLANG_ANALYZER_NONNULL = YES;
				CLANG_ANALYZER_NUMBER_OBJECT_CONVERSION = YES_AGGRESSIVE;
				CLANG_CXX_LANGUAGE_STANDARD = "gnu++14";
				CLANG_CXX_LIBRARY = "libc++";
				CLANG_ENABLE_MODULES = YES;
				CLANG_ENABLE_OBJC_ARC = YES;
				CLANG_ENABLE_OBJC_WEAK = YES;
				CLANG_WARN_BLOCK_CAPTURE_AUTORELEASING = YES;
				CLANG_WARN_BOOL_CONVERSION = YES;
				CLANG_WARN_COMMA = YES;
				CLANG_WARN_CONSTANT_CONVERSION = YES;
				CLANG_WARN_DEPRECATED_OBJC_IMPLEMENTATIONS = YES;
				CLANG_WARN_DIRECT_OBJC_ISA_USAGE = YES_ERROR;
				CLANG_WARN_DOCUMENTATION_COMMENTS = YES;
				CLANG_WARN_EMPTY_BODY = YES;
				CLANG_WARN_ENUM_CONVERSION = YES;
				CLANG_WARN_INFINITE_RECURSION = YES;
				CLANG_WARN_INT_CONVERSION = YES;
				CLANG_WARN_NON_LITERAL_NULL_CONVERSION = YES;
				CLANG_WARN_OBJC_IMPLICIT_RETAIN_SELF = YES;
				CLANG_WARN_OBJC_LITERAL_CONVERSION = YES;
				CLANG_WARN_OBJC_ROOT_CLASS = YES_ERROR;
				CLANG_WARN_RANGE_LOOP_ANALYSIS = YES;
				CLANG_WARN_STRICT_PROTOTYPES = YES;
				CLANG_WARN_SUSPICIOUS_MOVE = YES;
				CLANG_WARN_UNGUARDED_AVAILABILITY = YES_AGGRESSIVE;
				CLANG_WARN_UNREACHABLE_CODE = YES;
				CLANG_WARN__DUPLICATE_METHOD_MATCH = YES;
				CODE_SIGN_IDENTITY = "iPhone Developer";
				COPY_PHASE_STRIP = NO;
				DEBUG_INFORMATION_FORMAT = dwarf;
				ENABLE_STRICT_OBJC_MSGSEND = YES;
				ENABLE_TESTABILITY = YES;
				GCC_C_LANGUAGE_STANDARD = gnu11;
				GCC_DYNAMIC_NO_PIC = NO;
				GCC_NO_COMMON_BLOCKS = YES;
				GCC_OPTIMIZATION_LEVEL = 0;
				GCC_PREPROCESSOR_DEFINITIONS = (
					"DEBUG=1",
					"$(inherited)",
				);
				GCC_WARN_64_TO_32_BIT_CONVERSION = YES;
				GCC_WARN_ABOUT_RETURN_TYPE = YES_ERROR;
				GCC_WARN_UNDECLARED_SELECTOR = YES;
				GCC_WARN_UNINITIALIZED_AUTOS = YES_AGGRESSIVE;
				GCC_WARN_UNUSED_FUNCTION = YES;
				GCC_WARN_UNUSED_VARIABLE = YES;
				IPHONEOS_DEPLOYMENT_TARGET = 12.1;
				MTL_ENABLE_DEBUG_INFO = INCLUDE_SOURCE;
				MTL_FAST_MATH = YES;
				ONLY_ACTIVE_ARCH = YES;
				SDKROOT = iphoneos;
				SWIFT_ACTIVE_COMPILATION_CONDITIONS = DEBUG;
				SWIFT_OPTIMIZATION_LEVEL = "-Onone";
			};
			name = Debug;
		};
		ADC672B621E2260800D6D3F5 /* Release */ = {
			isa = XCBuildConfiguration;
			buildSettings = {
				ALWAYS_SEARCH_USER_PATHS = NO;
				CLANG_ANALYZER_NONNULL = YES;
				CLANG_ANALYZER_NUMBER_OBJECT_CONVERSION = YES_AGGRESSIVE;
				CLANG_CXX_LANGUAGE_STANDARD = "gnu++14";
				CLANG_CXX_LIBRARY = "libc++";
				CLANG_ENABLE_MODULES = YES;
				CLANG_ENABLE_OBJC_ARC = YES;
				CLANG_ENABLE_OBJC_WEAK = YES;
				CLANG_WARN_BLOCK_CAPTURE_AUTORELEASING = YES;
				CLANG_WARN_BOOL_CONVERSION = YES;
				CLANG_WARN_COMMA = YES;
				CLANG_WARN_CONSTANT_CONVERSION = YES;
				CLANG_WARN_DEPRECATED_OBJC_IMPLEMENTATIONS = YES;
				CLANG_WARN_DIRECT_OBJC_ISA_USAGE = YES_ERROR;
				CLANG_WARN_DOCUMENTATION_COMMENTS = YES;
				CLANG_WARN_EMPTY_BODY = YES;
				CLANG_WARN_ENUM_CONVERSION = YES;
				CLANG_WARN_INFINITE_RECURSION = YES;
				CLANG_WARN_INT_CONVERSION = YES;
				CLANG_WARN_NON_LITERAL_NULL_CONVERSION = YES;
				CLANG_WARN_OBJC_IMPLICIT_RETAIN_SELF = YES;
				CLANG_WARN_OBJC_LITERAL_CONVERSION = YES;
				CLANG_WARN_OBJC_ROOT_CLASS = YES_ERROR;
				CLANG_WARN_RANGE_LOOP_ANALYSIS = YES;
				CLANG_WARN_STRICT_PROTOTYPES = YES;
				CLANG_WARN_SUSPICIOUS_MOVE = YES;
				CLANG_WARN_UNGUARDED_AVAILABILITY = YES_AGGRESSIVE;
				CLANG_WARN_UNREACHABLE_CODE = YES;
				CLANG_WARN__DUPLICATE_METHOD_MATCH = YES;
				CODE_SIGN_IDENTITY = "iPhone Developer";
				COPY_PHASE_STRIP = NO;
				DEBUG_INFORMATION_FORMAT = "dwarf-with-dsym";
				ENABLE_NS_ASSERTIONS = NO;
				ENABLE_STRICT_OBJC_MSGSEND = YES;
				GCC_C_LANGUAGE_STANDARD = gnu11;
				GCC_NO_COMMON_BLOCKS = YES;
				GCC_WARN_64_TO_32_BIT_CONVERSION = YES;
				GCC_WARN_ABOUT_RETURN_TYPE = YES_ERROR;
				GCC_WARN_UNDECLARED_SELECTOR = YES;
				GCC_WARN_UNINITIALIZED_AUTOS = YES_AGGRESSIVE;
				GCC_WARN_UNUSED_FUNCTION = YES;
				GCC_WARN_UNUSED_VARIABLE = YES;
				IPHONEOS_DEPLOYMENT_TARGET = 12.1;
				MTL_ENABLE_DEBUG_INFO = NO;
				MTL_FAST_MATH = YES;
				SDKROOT = iphoneos;
				SWIFT_COMPILATION_MODE = wholemodule;
				SWIFT_OPTIMIZATION_LEVEL = "-O";
				VALIDATE_PRODUCT = YES;
			};
			name = Release;
		};
		ADC672B821E2260800D6D3F5 /* Debug */ = {
			isa = XCBuildConfiguration;
			baseConfigurationReference = 3DCAA90BC1391044DF37135F /* Pods-kakakak.debug.xcconfig */;
			buildSettings = {
				ASSETCATALOG_COMPILER_APPICON_NAME = AppIcon;
				CODE_SIGN_STYLE = Automatic;
				DEVELOPMENT_TEAM = U6L6476C2Z;
				INFOPLIST_FILE = kakakak/Info.plist;
				LD_RUNPATH_SEARCH_PATHS = (
					"$(inherited)",
					"@executable_path/Frameworks",
				);
				PRODUCT_BUNDLE_IDENTIFIER = com.twilio.ReplayKitExamplehkhkjkhj;
				PRODUCT_NAME = "$(TARGET_NAME)";
				SWIFT_VERSION = 4.2;
				TARGETED_DEVICE_FAMILY = "1,2";
			};
			name = Debug;
		};
		ADC672B921E2260800D6D3F5 /* Release */ = {
			isa = XCBuildConfiguration;
			baseConfigurationReference = DD4718A9C835A6A90A2808AA /* Pods-kakakak.release.xcconfig */;
			buildSettings = {
				ASSETCATALOG_COMPILER_APPICON_NAME = AppIcon;
				CODE_SIGN_STYLE = Automatic;
				DEVELOPMENT_TEAM = U6L6476C2Z;
				INFOPLIST_FILE = kakakak/Info.plist;
				LD_RUNPATH_SEARCH_PATHS = (
					"$(inherited)",
					"@executable_path/Frameworks",
				);
				PRODUCT_BUNDLE_IDENTIFIER = com.twilio.ReplayKitExamplehkhkjkhj;
				PRODUCT_NAME = "$(TARGET_NAME)";
				SWIFT_VERSION = 4.2;
				TARGETED_DEVICE_FAMILY = "1,2";
			};
			name = Release;
		};
/* End XCBuildConfiguration section */

/* Begin XCConfigurationList section */
		ADC672A021E2260700D6D3F5 /* Build configuration list for PBXProject "kakakak" */ = {
			isa = XCConfigurationList;
			buildConfigurations = (
				ADC672B521E2260800D6D3F5 /* Debug */,
				ADC672B621E2260800D6D3F5 /* Release */,
			);
			defaultConfigurationIsVisible = 0;
			defaultConfigurationName = Release;
		};
		ADC672B721E2260800D6D3F5 /* Build configuration list for PBXNativeTarget "kakakak" */ = {
			isa = XCConfigurationList;
			buildConfigurations = (
				ADC672B821E2260800D6D3F5 /* Debug */,
				ADC672B921E2260800D6D3F5 /* Release */,
			);
			defaultConfigurationIsVisible = 0;
			defaultConfigurationName = Release;
		};
/* End XCConfigurationList section */
	};
	rootObject = ADC6729D21E2260700D6D3F5 /* Project object */;
}
